
Microsoft Visual Studio Solution File, Format Version 12.00
# Visual Studio Version 17
VisualStudioVersion = 17.8.34330.188
MinimumVisualStudioVersion = 10.0.40219.1
Project("{9A19103F-16F7-4668-BE54-9A1E7A4F7556}") = "Meteorite.Data", "Meteorite.Data\Meteorite.Data.csproj", "{D831CD5E-AE38-451D-8FE0-BCDBBD03AE32}"
EndProject
Project("{9A19103F-16F7-4668-BE54-9A1E7A4F7556}") = "Meteorite.Jobs", "Meteorite.Jobs\Meteorite.Jobs.csproj", "{CBDABFD0-674E-44A5-975A-BBAD7C0425EC}"
EndProject
Global
	GlobalSection(SolutionConfigurationPlatforms) = preSolution
		Debug|Any CPU = Debug|Any CPU
		Release|Any CPU = Release|Any CPU
	EndGlobalSection
	GlobalSection(ProjectConfigurationPlatforms) = postSolution
		{D831CD5E-AE38-451D-8FE0-BCDBBD03AE32}.Debug|Any CPU.ActiveCfg = Debug|Any CPU
		{D831CD5E-AE38-451D-8FE0-BCDBBD03AE32}.Debug|Any CPU.Build.0 = Debug|Any CPU
		{D831CD5E-AE38-451D-8FE0-BCDBBD03AE32}.Release|Any CPU.ActiveCfg = Release|Any CPU
		{D831CD5E-AE38-451D-8FE0-BCDBBD03AE32}.Release|Any CPU.Build.0 = Release|Any CPU
		{CBDABFD0-674E-44A5-975A-BBAD7C0425EC}.Debug|Any CPU.ActiveCfg = Debug|Any CPU
		{CBDABFD0-674E-44A5-975A-BBAD7C0425EC}.Debug|Any CPU.Build.0 = Debug|Any CPU
		{CBDABFD0-674E-44A5-975A-BBAD7C0425EC}.Release|Any CPU.ActiveCfg = Release|Any CPU
		{CBDABFD0-674E-44A5-975A-BBAD7C0425EC}.Release|Any CPU.Build.0 = Release|Any CPU
	EndGlobalSection
	GlobalSection(SolutionProperties) = preSolution
		HideSolutionNode = FALSE
	EndGlobalSection
	GlobalSection(ExtensibilityGlobals) = postSolution
		SolutionGuid = {E138CDA0-4BF8-47BD-8889-EDFEBEBF6E5B}
	EndGlobalSection
EndGlobal
